{
  "name": "Portfolio",
  "lockfileVersion": 3,
  "requires": true,
  "packages": {
    "": {
      "dependencies": {
        "@ngx-translate/http-loader": "^8.0.0",
        "aos": "^2.3.4"
      }
    },
    "node_modules/@angular/common": {
      "version": "18.1.4",
      "resolved": "https://registry.npmjs.org/@angular/common/-/common-18.1.4.tgz",
      "integrity": "sha512-No4lCrL80WlAGg0DAyuPW+jsfA6EIQ06CFrRgt3R6YFrKbIuU0NKUt+D8IB7UNgTLNYXmurxapNf8jef8rq1wg==",
      "peer": true,
      "dependencies": {
        "tslib": "^2.3.0"
      },
      "engines": {
        "node": "^18.19.1 || ^20.11.1 || >=22.0.0"
      },
      "peerDependencies": {
        "@angular/core": "18.1.4",
        "rxjs": "^6.5.3 || ^7.4.0"
      }
    },
    "node_modules/@angular/core": {
      "version": "18.1.4",
      "resolved": "https://registry.npmjs.org/@angular/core/-/core-18.1.4.tgz",
      "integrity": "sha512-+N3oWYFubT3GdCkBfD/CmH4DGjr/fGFQZChWbph2ZuPpK7JYNgfyvXS4SjLtdL4WTjjBevBTgR70GyLH/5EbKA==",
      "peer": true,
      "dependencies": {
        "tslib": "^2.3.0"
      },
      "engines": {
        "node": "^18.19.1 || ^20.11.1 || >=22.0.0"
      },
      "peerDependencies": {
        "rxjs": "^6.5.3 || ^7.4.0",
        "zone.js": "~0.14.0"
      }
    },
    "node_modules/@ngx-translate/core": {
      "version": "15.0.0",
      "resolved": "https://registry.npmjs.org/@ngx-translate/core/-/core-15.0.0.tgz",
      "integrity": "sha512-Am5uiuR0bOOxyoercDnAA3rJVizo4RRqJHo8N3RqJ+XfzVP/I845yEnMADykOHvM6HkVm4SZSnJBOiz0Anx5BA==",
      "peer": true,
      "engines": {
        "node": "^16.13.0 || >=18.10.0"
      },
      "peerDependencies": {
        "@angular/common": ">=16.0.0",
        "@angular/core": ">=16.0.0",
        "rxjs": "^6.5.5 || ^7.4.0"
      }
    },
    "node_modules/@ngx-translate/http-loader": {
      "version": "8.0.0",
      "resolved": "https://registry.npmjs.org/@ngx-translate/http-loader/-/http-loader-8.0.0.tgz",
      "integrity": "sha512-SFMsdUcmHF5OdZkL1CHEoSAwbP5EbAOPTLLboOCRRoOg21P4GJx+51jxGdJeGve6LSKLf4Pay7BkTwmE6vxYlg==",
      "engines": {
        "node": "^16.13.0 || >=18.10.0"
      },
      "peerDependencies": {
        "@angular/common": ">=16.0.0",
        "@angular/core": ">=16.0.0",
        "@ngx-translate/core": ">=15.0.0",
        "rxjs": "^6.5.5 || ^7.4.0"
      }
    },
    "node_modules/aos": {
      "version": "2.3.4",
      "resolved": "https://registry.npmjs.org/aos/-/aos-2.3.4.tgz",
      "integrity": "sha512-zh/ahtR2yME4I51z8IttIt4lC1Nw0ktsFtmeDzID1m9naJnWXhCoARaCgNOGXb5CLy3zm+wqmRAEgMYB5E2HUw==",
      "dependencies": {
        "classlist-polyfill": "^1.0.3",
        "lodash.debounce": "^4.0.6",
        "lodash.throttle": "^4.0.1"
      }
    },
    "node_modules/classlist-polyfill": {
      "version": "1.2.0",
      "resolved": "https://registry.npmjs.org/classlist-polyfill/-/classlist-polyfill-1.2.0.tgz",
      "integrity": "sha512-GzIjNdcEtH4ieA2S8NmrSxv7DfEV5fmixQeyTmqmRmRJPGpRBaSnA2a0VrCjyT8iW8JjEdMbKzDotAJf+ajgaQ=="
    },
    "node_modules/lodash.debounce": {
      "version": "4.0.8",
      "resolved": "https://registry.npmjs.org/lodash.debounce/-/lodash.debounce-4.0.8.tgz",
      "integrity": "sha512-FT1yDzDYEoYWhnSGnpE/4Kj1fLZkDFyqRb7fNt6FdYOSxlUWAtp42Eh6Wb0rGIv/m9Bgo7x4GhQbm5Ys4SG5ow=="
    },
    "node_modules/lodash.throttle": {
      "version": "4.1.1",
      "resolved": "https://registry.npmjs.org/lodash.throttle/-/lodash.throttle-4.1.1.tgz",
      "integrity": "sha512-wIkUCfVKpVsWo3JSZlc+8MB5it+2AN5W8J7YVMST30UrvcQNZ1Okbj+rbVniijTWE6FGYy4XJq/rHkas8qJMLQ=="
    },
    "node_modules/rxjs": {
      "version": "7.8.1",
      "resolved": "https://registry.npmjs.org/rxjs/-/rxjs-7.8.1.tgz",
      "integrity": "sha512-AA3TVj+0A2iuIoQkWEK/tqFjBq2j+6PO6Y0zJcvzLAFhEFIO3HL0vls9hWLncZbAAbK0mar7oZ4V079I/qPMxg==",
      "peer": true,
      "dependencies": {
        "tslib": "^2.1.0"
      }
    },
    "node_modules/tslib": {
      "version": "2.6.3",
      "resolved": "https://registry.npmjs.org/tslib/-/tslib-2.6.3.tgz",
      "integrity": "sha512-xNvxJEOUiWPGhUuUdQgAJPKOOJfGnIyKySOc09XkKsgdUV/3E2zvwZYdejjmRgPCgcym1juLH3226yA7sEFJKQ==",
      "peer": true
    },
    "node_modules/zone.js": {
      "version": "0.14.10",
      "resolved": "https://registry.npmjs.org/zone.js/-/zone.js-0.14.10.tgz",
      "integrity": "sha512-YGAhaO7J5ywOXW6InXNlLmfU194F8lVgu7bRntUF3TiG8Y3nBK0x1UJJuHUP/e8IyihkjCYqhCScpSwnlaSRkQ==",
      "peer": true
    }
  }
}
